
Microsoft Visual Studio Solution File, Format Version 12.00
# Visual Studio 15
VisualStudioVersion = 15.0.28010.2050
MinimumVisualStudioVersion = 10.0.40219.1
Project("{FAE04EC0-301F-11D3-BF4B-00C04F79EFBC}") = "WhoAmIBotReloaded", "WhoAmIBotReloaded\WhoAmIBotReloaded.csproj", "{9AAD7414-3249-4F95-A7B7-DD4D8EF59E56}"
EndProject
Project("{FAE04EC0-301F-11D3-BF4B-00C04F79EFBC}") = "Cleaner", "Cleaner\Cleaner.csproj", "{FB30B01C-380B-4621-B646-B6978B170BDC}"
EndProject
Global
	GlobalSection(SolutionConfigurationPlatforms) = preSolution
		Debug|Any CPU = Debug|Any CPU
		Release|Any CPU = Release|Any CPU
	EndGlobalSection
	GlobalSection(ProjectConfigurationPlatforms) = postSolution
		{9AAD7414-3249-4F95-A7B7-DD4D8EF59E56}.Debug|Any CPU.ActiveCfg = Debug|Any CPU
		{9AAD7414-3249-4F95-A7B7-DD4D8EF59E56}.Debug|Any CPU.Build.0 = Debug|Any CPU
		{9AAD7414-3249-4F95-A7B7-DD4D8EF59E56}.Release|Any CPU.ActiveCfg = Release|Any CPU
		{9AAD7414-3249-4F95-A7B7-DD4D8EF59E56}.Release|Any CPU.Build.0 = Release|Any CPU
		{FB30B01C-380B-4621-B646-B6978B170BDC}.Debug|Any CPU.ActiveCfg = Debug|Any CPU
		{FB30B01C-380B-4621-B646-B6978B170BDC}.Debug|Any CPU.Build.0 = Debug|Any CPU
		{FB30B01C-380B-4621-B646-B6978B170BDC}.Release|Any CPU.ActiveCfg = Release|Any CPU
		{FB30B01C-380B-4621-B646-B6978B170BDC}.Release|Any CPU.Build.0 = Release|Any CPU
	EndGlobalSection
	GlobalSection(SolutionProperties) = preSolution
		HideSolutionNode = FALSE
	EndGlobalSection
	GlobalSection(ExtensibilityGlobals) = postSolution
		SolutionGuid = {5FC52F4A-C47E-4A7A-B9FA-81AC5B0096FB}
	EndGlobalSection
EndGlobal
